// !$*UTF8*$!
{
	archiveVersion = 1;
	classes = {
	};
	objectVersion = 46;
	objects = {

/* Begin PBXBuildFile section */
		3FF235DE1E79D05000747ABD /* AppDelegate.swift in Sources */ = {isa = PBXBuildFile; fileRef = 3FF235DD1E79D05000747ABD /* AppDelegate.swift */; };
		3FF235E01E79D05000747ABD /* MasterViewController.swift in Sources */ = {isa = PBXBuildFile; fileRef = 3FF235DF1E79D05000747ABD /* MasterViewController.swift */; };
		3FF235E31E79D05000747ABD /* Main.storyboard in Resources */ = {isa = PBXBuildFile; fileRef = 3FF235E11E79D05000747ABD /* Main.storyboard */; };
		3FF235E61E79D05000747ABD /* QuotePro.xcdatamodeld in Sources */ = {isa = PBXBuildFile; fileRef = 3FF235E41E79D05000747ABD /* QuotePro.xcdatamodeld */; };
		3FF235E81E79D05000747ABD /* Assets.xcassets in Resources */ = {isa = PBXBuildFile; fileRef = 3FF235E71E79D05000747ABD /* Assets.xcassets */; };
		3FF235EB1E79D05000747ABD /* LaunchScreen.storyboard in Resources */ = {isa = PBXBuildFile; fileRef = 3FF235E91E79D05000747ABD /* LaunchScreen.storyboard */; };
		3FF235F71E79D39300747ABD /* Quote.swift in Sources */ = {isa = PBXBuildFile; fileRef = 3FF235F61E79D39300747ABD /* Quote.swift */; };
		3FF235F91E79D39C00747ABD /* Photo.swift in Sources */ = {isa = PBXBuildFile; fileRef = 3FF235F81E79D39C00747ABD /* Photo.swift */; };
		3FF235FB1E79D3A500747ABD /* CompletedQuote.swift in Sources */ = {isa = PBXBuildFile; fileRef = 3FF235FA1E79D3A500747ABD /* CompletedQuote.swift */; };
		3FF235FD1E79D40900747ABD /* QuoteView.xib in Resources */ = {isa = PBXBuildFile; fileRef = 3FF235FC1E79D40900747ABD /* QuoteView.xib */; };
		3FF235FF1E79D4AC00747ABD /* QuoteView.swift in Sources */ = {isa = PBXBuildFile; fileRef = 3FF235FE1E79D4AC00747ABD /* QuoteView.swift */; };
		3FF236021E79D57E00747ABD /* QuoteBuilderViewController.swift in Sources */ = {isa = PBXBuildFile; fileRef = 3FF236011E79D57E00747ABD /* QuoteBuilderViewController.swift */; };
		3FF236041E79D8D100747ABD /* QuoteFetcher.swift in Sources */ = {isa = PBXBuildFile; fileRef = 3FF236031E79D8D100747ABD /* QuoteFetcher.swift */; };
		3FF236061E79E11100747ABD /* QuoteViewCell.swift in Sources */ = {isa = PBXBuildFile; fileRef = 3FF236051E79E11100747ABD /* QuoteViewCell.swift */; };
		3FF236081E79E13A00747ABD /* PhotoFetcher.swift in Sources */ = {isa = PBXBuildFile; fileRef = 3FF236071E79E13A00747ABD /* PhotoFetcher.swift */; };
		771CEB7F1E9E638F00139E69 /* TheView.xib in Resources */ = {isa = PBXBuildFile; fileRef = 771CEB7E1E9E638F00139E69 /* TheView.xib */; };
		771CEB811E9E649000139E69 /* RoundButton.swift in Sources */ = {isa = PBXBuildFile; fileRef = 771CEB801E9E649000139E69 /* RoundButton.swift */; };
		771CEB831E9E6B4D00139E69 /* Photos.swift in Sources */ = {isa = PBXBuildFile; fileRef = 771CEB821E9E6B4D00139E69 /* Photos.swift */; };
		771CEB851E9E6C3500139E69 /* TheView.swift in Sources */ = {isa = PBXBuildFile; fileRef = 771CEB841E9E6C3500139E69 /* TheView.swift */; };
/* End PBXBuildFile section */

/* Begin PBXFileReference section */
		3FF235DA1E79D05000747ABD /* QuotePro.app */ = {isa = PBXFileReference; explicitFileType = wrapper.application; includeInIndex = 0; path = QuotePro.app; sourceTree = BUILT_PRODUCTS_DIR; };
		3FF235DD1E79D05000747ABD /* AppDelegate.swift */ = {isa = PBXFileReference; lastKnownFileType = sourcecode.swift; path = AppDelegate.swift; sourceTree = "<group>"; };
		3FF235DF1E79D05000747ABD /* MasterViewController.swift */ = {isa = PBXFileReference; lastKnownFileType = sourcecode.swift; path = MasterViewController.swift; sourceTree = "<group>"; };
		3FF235E21E79D05000747ABD /* Base */ = {isa = PBXFileReference; lastKnownFileType = file.storyboard; name = Base; path = Base.lproj/Main.storyboard; sourceTree = "<group>"; };
		3FF235E51E79D05000747ABD /* QuotePro.xcdatamodel */ = {isa = PBXFileReference; lastKnownFileType = wrapper.xcdatamodel; path = QuotePro.xcdatamodel; sourceTree = "<group>"; };
		3FF235E71E79D05000747ABD /* Assets.xcassets */ = {isa = PBXFileReference; lastKnownFileType = folder.assetcatalog; path = Assets.xcassets; sourceTree = "<group>"; };
		3FF235EA1E79D05000747ABD /* Base */ = {isa = PBXFileReference; lastKnownFileType = file.storyboard; name = Base; path = Base.lproj/LaunchScreen.storyboard; sourceTree = "<group>"; };
		3FF235EC1E79D05000747ABD /* Info.plist */ = {isa = PBXFileReference; lastKnownFileType = text.plist.xml; path = Info.plist; sourceTree = "<group>"; };
		3FF235F61E79D39300747ABD /* Quote.swift */ = {isa = PBXFileReference; fileEncoding = 4; lastKnownFileType = sourcecode.swift; path = Quote.swift; sourceTree = "<group>"; };
		3FF235F81E79D39C00747ABD /* Photo.swift */ = {isa = PBXFileReference; fileEncoding = 4; lastKnownFileType = sourcecode.swift; path = Photo.swift; sourceTree = "<group>"; };
		3FF235FA1E79D3A500747ABD /* CompletedQuote.swift */ = {isa = PBXFileReference; fileEncoding = 4; lastKnownFileType = sourcecode.swift; path = CompletedQuote.swift; sourceTree = "<group>"; };
		3FF235FC1E79D40900747ABD /* QuoteView.xib */ = {isa = PBXFileReference; fileEncoding = 4; lastKnownFileType = file.xib; path = QuoteView.xib; sourceTree = "<group>"; };
		3FF235FE1E79D4AC00747ABD /* QuoteView.swift */ = {isa = PBXFileReference; fileEncoding = 4; lastKnownFileType = sourcecode.swift; path = QuoteView.swift; sourceTree = "<group>"; };
		3FF236011E79D57E00747ABD /* QuoteBuilderViewController.swift */ = {isa = PBXFileReference; fileEncoding = 4; lastKnownFileType = sourcecode.swift; path = QuoteBuilderViewController.swift; sourceTree = "<group>"; };
		3FF236031E79D8D100747ABD /* QuoteFetcher.swift */ = {isa = PBXFileReference; fileEncoding = 4; lastKnownFileType = sourcecode.swift; path = QuoteFetcher.swift; sourceTree = "<group>"; };
		3FF236051E79E11100747ABD /* QuoteViewCell.swift */ = {isa = PBXFileReference; fileEncoding = 4; lastKnownFileType = sourcecode.swift; path = QuoteViewCell.swift; sourceTree = "<group>"; };
		3FF236071E79E13A00747ABD /* PhotoFetcher.swift */ = {isa = PBXFileReference; fileEncoding = 4; lastKnownFileType = sourcecode.swift; path = PhotoFetcher.swift; sourceTree = "<group>"; };
		771CEB7E1E9E638F00139E69 /* TheView.xib */ = {isa = PBXFileReference; fileEncoding = 4; lastKnownFileType = file.xib; path = TheView.xib; sourceTree = "<group>"; };
		771CEB801E9E649000139E69 /* RoundButton.swift */ = {isa = PBXFileReference; fileEncoding = 4; lastKnownFileType = sourcecode.swift; path = RoundButton.swift; sourceTree = "<group>"; };
		771CEB821E9E6B4D00139E69 /* Photos.swift */ = {isa = PBXFileReference; fileEncoding = 4; lastKnownFileType = sourcecode.swift; path = Photos.swift; sourceTree = "<group>"; };
		771CEB841E9E6C3500139E69 /* TheView.swift */ = {isa = PBXFileReference; fileEncoding = 4; lastKnownFileType = sourcecode.swift; path = TheView.swift; sourceTree = "<group>"; };
/* End PBXFileReference section */

/* Begin PBXFrameworksBuildPhase section */
		3FF235D71E79D04F00747ABD /* Frameworks */ = {
			isa = PBXFrameworksBuildPhase;
			buildActionMask = 2147483647;
			files = (
			);
			runOnlyForDeploymentPostprocessing = 0;
		};
/* End PBXFrameworksBuildPhase section */

/* Begin PBXGroup section */
		3FF235D11E79D04F00747ABD = {
			isa = PBXGroup;
			children = (
				3FF235DC1E79D05000747ABD /* QuotePro */,
				3FF235DB1E79D05000747ABD /* Products */,
			);
			sourceTree = "<group>";
		};
		3FF235DB1E79D05000747ABD /* Products */ = {
			isa = PBXGroup;
			children = (
				3FF235DA1E79D05000747ABD /* QuotePro.app */,
			);
			name = Products;
			sourceTree = "<group>";
		};
		3FF235DC1E79D05000747ABD /* QuotePro */ = {
			isa = PBXGroup;
			children = (
				3FF235F51E79D17300747ABD /* Model */,
				3FF235F41E79D17200747ABD /* Views */,
				3FF235F31E79D16600747ABD /* Controllers */,
				3FF236001E79D53900747ABD /* Supporting Files */,
				771CEB7E1E9E638F00139E69 /* TheView.xib */,
				771CEB801E9E649000139E69 /* RoundButton.swift */,
				771CEB821E9E6B4D00139E69 /* Photos.swift */,
				771CEB841E9E6C3500139E69 /* TheView.swift */,
			);
			path = QuotePro;
			sourceTree = "<group>";
		};
		3FF235F31E79D16600747ABD /* Controllers */ = {
			isa = PBXGroup;
			children = (
				3FF235DF1E79D05000747ABD /* MasterViewController.swift */,
				3FF236011E79D57E00747ABD /* QuoteBuilderViewController.swift */,
				3FF235FE1E79D4AC00747ABD /* QuoteView.swift */,
				3FF236051E79E11100747ABD /* QuoteViewCell.swift */,
			);
			name = Controllers;
			sourceTree = "<group>";
		};
		3FF235F41E79D17200747ABD /* Views */ = {
			isa = PBXGroup;
			children = (
				3FF235E11E79D05000747ABD /* Main.storyboard */,
				3FF235E91E79D05000747ABD /* LaunchScreen.storyboard */,
				3FF235FC1E79D40900747ABD /* QuoteView.xib */,
			);
			name = Views;
			sourceTree = "<group>";
		};
		3FF235F51E79D17300747ABD /* Model */ = {
			isa = PBXGroup;
			children = (
				3FF235F61E79D39300747ABD /* Quote.swift */,
				3FF235F81E79D39C00747ABD /* Photo.swift */,
				3FF235FA1E79D3A500747ABD /* CompletedQuote.swift */,
				3FF236031E79D8D100747ABD /* QuoteFetcher.swift */,
				3FF236071E79E13A00747ABD /* PhotoFetcher.swift */,
			);
			name = Model;
			sourceTree = "<group>";
		};
		3FF236001E79D53900747ABD /* Supporting Files */ = {
			isa = PBXGroup;
			children = (
				3FF235DD1E79D05000747ABD /* AppDelegate.swift */,
				3FF235E71E79D05000747ABD /* Assets.xcassets */,
				3FF235EC1E79D05000747ABD /* Info.plist */,
				3FF235E41E79D05000747ABD /* QuotePro.xcdatamodeld */,
			);
			name = "Supporting Files";
			sourceTree = "<group>";
		};
/* End PBXGroup section */

/* Begin PBXNativeTarget section */
		3FF235D91E79D04F00747ABD /* QuotePro */ = {
			isa = PBXNativeTarget;
			buildConfigurationList = 3FF235EF1E79D05000747ABD /* Build configuration list for PBXNativeTarget "QuotePro" */;
			buildPhases = (
				3FF235D61E79D04F00747ABD /* Sources */,
				3FF235D71E79D04F00747ABD /* Frameworks */,
				3FF235D81E79D04F00747ABD /* Resources */,
			);
			buildRules = (
			);
			dependencies = (
			);
			name = QuotePro;
			productName = QuotePro;
			productReference = 3FF235DA1E79D05000747ABD /* QuotePro.app */;
			productType = "com.apple.product-type.application";
		};
/* End PBXNativeTarget section */

/* Begin PBXProject section */
		3FF235D21E79D04F00747ABD /* Project object */ = {
			isa = PBXProject;
			attributes = {
				LastSwiftUpdateCheck = 0820;
				LastUpgradeCheck = 0820;
				ORGANIZATIONNAME = "Callum Davies";
				TargetAttributes = {
					3FF235D91E79D04F00747ABD = {
						CreatedOnToolsVersion = 8.2.1;
						ProvisioningStyle = Automatic;
					};
				};
			};
			buildConfigurationList = 3FF235D51E79D04F00747ABD /* Build configuration list for PBXProject "QuotePro" */;
			compatibilityVersion = "Xcode 3.2";
			developmentRegion = English;
			hasScannedForEncodings = 0;
			knownRegions = (
				en,
				Base,
			);
			mainGroup = 3FF235D11E79D04F00747ABD;
			productRefGroup = 3FF235DB1E79D05000747ABD /* Products */;
			projectDirPath = "";
			projectRoot = "";
			targets = (
				3FF235D91E79D04F00747ABD /* QuotePro */,
			);
		};
/* End PBXProject section */

/* Begin PBXResourcesBuildPhase section */
		3FF235D81E79D04F00747ABD /* Resources */ = {
			isa = PBXResourcesBuildPhase;
			buildActionMask = 2147483647;
			files = (
				3FF235EB1E79D05000747ABD /* LaunchScreen.storyboard in Resources */,
				771CEB7F1E9E638F00139E69 /* TheView.xib in Resources */,
				3FF235E81E79D05000747ABD /* Assets.xcassets in Resources */,
				3FF235E31E79D05000747ABD /* Main.storyboard in Resources */,
				3FF235FD1E79D40900747ABD /* QuoteView.xib in Resources */,
			);
			runOnlyForDeploymentPostprocessing = 0;
		};
/* End PBXResourcesBuildPhase section */

/* Begin PBXSourcesBuildPhase section */
		3FF235D61E79D04F00747ABD /* Sources */ = {
			isa = PBXSourcesBuildPhase;
			buildActionMask = 2147483647;
			files = (
				771CEB811E9E649000139E69 /* RoundButton.swift in Sources */,
				3FF235F71E79D39300747ABD /* Quote.swift in Sources */,
				3FF235E01E79D05000747ABD /* MasterViewController.swift in Sources */,
				3FF235FB1E79D3A500747ABD /* CompletedQuote.swift in Sources */,
				771CEB851E9E6C3500139E69 /* TheView.swift in Sources */,
				3FF235DE1E79D05000747ABD /* AppDelegate.swift in Sources */,
				3FF236041E79D8D100747ABD /* QuoteFetcher.swift in Sources */,
				3FF235FF1E79D4AC00747ABD /* QuoteView.swift in Sources */,
				771CEB831E9E6B4D00139E69 /* Photos.swift in Sources */,
				3FF235E61E79D05000747ABD /* QuotePro.xcdatamodeld in Sources */,
				3FF236061E79E11100747ABD /* QuoteViewCell.swift in Sources */,
				3FF236081E79E13A00747ABD /* PhotoFetcher.swift in Sources */,
				3FF236021E79D57E00747ABD /* QuoteBuilderViewController.swift in Sources */,
				3FF235F91E79D39C00747ABD /* Photo.swift in Sources */,
			);
			runOnlyForDeploymentPostprocessing = 0;
		};
/* End PBXSourcesBuildPhase section */

/* Begin PBXVariantGroup section */
		3FF235E11E79D05000747ABD /* Main.storyboard */ = {
			isa = PBXVariantGroup;
			children = (
				3FF235E21E79D05000747ABD /* Base */,
			);
			name = Main.storyboard;
			sourceTree = "<group>";
		};
		3FF235E91E79D05000747ABD /* LaunchScreen.storyboard */ = {
			isa = PBXVariantGroup;
			children = (
				3FF235EA1E79D05000747ABD /* Base */,
			);
			name = LaunchScreen.storyboard;
			sourceTree = "<group>";
		};
/* End PBXVariantGroup section */

/* Begin XCBuildConfiguration section */
		3FF235ED1E79D05000747ABD /* Debug */ = {
			isa = XCBuildConfiguration;
			buildSettings = {
				ALWAYS_SEARCH_USER_PATHS = NO;
				CLANG_ANALYZER_NONNULL = YES;
				CLANG_CXX_LANGUAGE_STANDARD = "gnu++0x";
				CLANG_CXX_LIBRARY = "libc++";
				CLANG_ENABLE_MODULES = YES;
				CLANG_ENABLE_OBJC_ARC = YES;
				CLANG_WARN_BOOL_CONVERSION = YES;
				CLANG_WARN_CONSTANT_CONVERSION = YES;
				CLANG_WARN_DIRECT_OBJC_ISA_USAGE = YES_ERROR;
				CLANG_WARN_DOCUMENTATION_COMMENTS = YES;
				CLANG_WARN_EMPTY_BODY = YES;
				CLANG_WARN_ENUM_CONVERSION = YES;
				CLANG_WARN_INFINITE_RECURSION = YES;
				CLANG_WARN_INT_CONVERSION = YES;
				CLANG_WARN_OBJC_ROOT_CLASS = YES_ERROR;
				CLANG_WARN_SUSPICIOUS_MOVE = YES;
				CLANG_WARN_UNREACHABLE_CODE = YES;
				CLANG_WARN__DUPLICATE_METHOD_MATCH = YES;
				"CODE_SIGN_IDENTITY[sdk=iphoneos*]" = "iPhone Developer";
				COPY_PHASE_STRIP = NO;
				DEBUG_INFORMATION_FORMAT = dwarf;
				ENABLE_STRICT_OBJC_MSGSEND = YES;
				ENABLE_TESTABILITY = YES;
				GCC_C_LANGUAGE_STANDARD = gnu99;
				GCC_DYNAMIC_NO_PIC = NO;
				GCC_NO_COMMON_BLOCKS = YES;
				GCC_OPTIMIZATION_LEVEL = 0;
				GCC_PREPROCESSOR_DEFINITIONS = (
					"DEBUG=1",
					"$(inherited)",
				);
				GCC_WARN_64_TO_32_BIT_CONVERSION = YES;
				GCC_WARN_ABOUT_RETURN_TYPE = YES_ERROR;
				GCC_WARN_UNDECLARED_SELECTOR = YES;
				GCC_WARN_UNINITIALIZED_AUTOS = YES_AGGRESSIVE;
				GCC_WARN_UNUSED_FUNCTION = YES;
				GCC_WARN_UNUSED_VARIABLE = YES;
				IPHONEOS_DEPLOYMENT_TARGET = 10.2;
				MTL_ENABLE_DEBUG_INFO = YES;
				ONLY_ACTIVE_ARCH = YES;
				SDKROOT = iphoneos;
				SWIFT_ACTIVE_COMPILATION_CONDITIONS = DEBUG;
				SWIFT_OPTIMIZATION_LEVEL = "-Onone";
			};
			name = Debug;
		};
		3FF235EE1E79D05000747ABD /* Release */ = {
			isa = XCBuildConfiguration;
			buildSettings = {
				ALWAYS_SEARCH_USER_PATHS = NO;
				CLANG_ANALYZER_NONNULL = YES;
				CLANG_CXX_LANGUAGE_STANDARD = "gnu++0x";
				CLANG_CXX_LIBRARY = "libc++";
				CLANG_ENABLE_MODULES = YES;
				CLANG_ENABLE_OBJC_ARC = YES;
				CLANG_WARN_BOOL_CONVERSION = YES;
				CLANG_WARN_CONSTANT_CONVERSION = YES;
				CLANG_WARN_DIRECT_OBJC_ISA_USAGE = YES_ERROR;
				CLANG_WARN_DOCUMENTATION_COMMENTS = YES;
				CLANG_WARN_EMPTY_BODY = YES;
				CLANG_WARN_ENUM_CONVERSION = YES;
				CLANG_WARN_INFINITE_RECURSION = YES;
				CLANG_WARN_INT_CONVERSION = YES;
				CLANG_WARN_OBJC_ROOT_CLASS = YES_ERROR;
				CLANG_WARN_SUSPICIOUS_MOVE = YES;
				CLANG_WARN_UNREACHABLE_CODE = YES;
				CLANG_WARN__DUPLICATE_METHOD_MATCH = YES;
				"CODE_SIGN_IDENTITY[sdk=iphoneos*]" = "iPhone Developer";
				COPY_PHASE_STRIP = NO;
				DEBUG_INFORMATION_FORMAT = "dwarf-with-dsym";
				ENABLE_NS_ASSERTIONS = NO;
				ENABLE_STRICT_OBJC_MSGSEND = YES;
				GCC_C_LANGUAGE_STANDARD = gnu99;
				GCC_NO_COMMON_BLOCKS = YES;
				GCC_WARN_64_TO_32_BIT_CONVERSION = YES;
				GCC_WARN_ABOUT_RETURN_TYPE = YES_ERROR;
				GCC_WARN_UNDECLARED_SELECTOR = YES;
				GCC_WARN_UNINITIALIZED_AUTOS = YES_AGGRESSIVE;
				GCC_WARN_UNUSED_FUNCTION = YES;
				GCC_WARN_UNUSED_VARIABLE = YES;
				IPHONEOS_DEPLOYMENT_TARGET = 10.2;
				MTL_ENABLE_DEBUG_INFO = NO;
				SDKROOT = iphoneos;
				SWIFT_OPTIMIZATION_LEVEL = "-Owholemodule";
				VALIDATE_PRODUCT = YES;
			};
			name = Release;
		};
		3FF235F01E79D05000747ABD /* Debug */ = {
			isa = XCBuildConfiguration;
			buildSettings = {
				ASSETCATALOG_COMPILER_APPICON_NAME = AppIcon;
				INFOPLIST_FILE = QuotePro/Info.plist;
				LD_RUNPATH_SEARCH_PATHS = "$(inherited) @executable_path/Frameworks";
				PRODUCT_BUNDLE_IDENTIFIER = caldavies.QuotePro;
				PRODUCT_NAME = "$(TARGET_NAME)";
				SWIFT_VERSION = 3.0;
			};
			name = Debug;
		};
		3FF235F11E79D05000747ABD /* Release */ = {
			isa = XCBuildConfiguration;
			buildSettings = {
				ASSETCATALOG_COMPILER_APPICON_NAME = AppIcon;
				INFOPLIST_FILE = QuotePro/Info.plist;
				LD_RUNPATH_SEARCH_PATHS = "$(inherited) @executable_path/Frameworks";
				PRODUCT_BUNDLE_IDENTIFIER = caldavies.QuotePro;
				PRODUCT_NAME = "$(TARGET_NAME)";
				SWIFT_VERSION = 3.0;
			};
			name = Release;
		};
/* End XCBuildConfiguration section */

/* Begin XCConfigurationList section */
		3FF235D51E79D04F00747ABD /* Build configuration list for PBXProject "QuotePro" */ = {
			isa = XCConfigurationList;
			buildConfigurations = (
				3FF235ED1E79D05000747ABD /* Debug */,
				3FF235EE1E79D05000747ABD /* Release */,
			);
			defaultConfigurationIsVisible = 0;
			defaultConfigurationName = Release;
		};
		3FF235EF1E79D05000747ABD /* Build configuration list for PBXNativeTarget "QuotePro" */ = {
			isa = XCConfigurationList;
			buildConfigurations = (
				3FF235F01E79D05000747ABD /* Debug */,
				3FF235F11E79D05000747ABD /* Release */,
			);
			defaultConfigurationIsVisible = 0;
			defaultConfigurationName = Release;
		};
/* End XCConfigurationList section */

/* Begin XCVersionGroup section */
		3FF235E41E79D05000747ABD /* QuotePro.xcdatamodeld */ = {
			isa = XCVersionGroup;
			children = (
				3FF235E51E79D05000747ABD /* QuotePro.xcdatamodel */,
			);
			currentVersion = 3FF235E51E79D05000747ABD /* QuotePro.xcdatamodel */;
			path = QuotePro.xcdatamodeld;
			sourceTree = "<group>";
			versionGroupType = wrapper.xcdatamodel;
		};
/* End XCVersionGroup section */
	};
	rootObject = 3FF235D21E79D04F00747ABD /* Project object */;
}
